
Microsoft Visual Studio Solution File, Format Version 12.00
# Visual Studio 15
VisualStudioVersion = 15.0.28307.902
MinimumVisualStudioVersion = 10.0.40219.1
Project("{FAE04EC0-301F-11D3-BF4B-00C04F79EFBC}") = "WhatsappApi", "WhatsappApi\WhatsappApi.csproj", "{7696371A-013F-4640-8CF2-84894A64788C}"
EndProject
Global
	GlobalSection(SolutionConfigurationPlatforms) = preSolution
		Debug|Any CPU = Debug|Any CPU
		Release|Any CPU = Release|Any CPU
	EndGlobalSection
	GlobalSection(ProjectConfigurationPlatforms) = postSolution
		{7696371A-013F-4640-8CF2-84894A64788C}.Debug|Any CPU.ActiveCfg = Debug|Any CPU
		{7696371A-013F-4640-8CF2-84894A64788C}.Debug|Any CPU.Build.0 = Debug|Any CPU
		{7696371A-013F-4640-8CF2-84894A64788C}.Release|Any CPU.ActiveCfg = Release|Any CPU
		{7696371A-013F-4640-8CF2-84894A64788C}.Release|Any CPU.Build.0 = Release|Any CPU
	EndGlobalSection
	GlobalSection(SolutionProperties) = preSolution
		HideSolutionNode = FALSE
	EndGlobalSection
	GlobalSection(ExtensibilityGlobals) = postSolution
		SolutionGuid = {882FD30B-11E7-4A29-9816-8C01D74B5EC0}
	EndGlobalSection
EndGlobal
